
Microsoft Visual Studio Solution File, Format Version 12.00
# Visual Studio Version 17
VisualStudioVersion = 17.7.34221.43
MinimumVisualStudioVersion = 10.0.40219.1
Project("{FAE04EC0-301F-11D3-BF4B-00C04F79EFBC}") = "backend", "backend\backend.csproj", "{36F57CC5-246E-4A02-9341-DB78DAE29FD8}"
EndProject
Global
	GlobalSection(SolutionConfigurationPlatforms) = preSolution
		Debug|Any CPU = Debug|Any CPU
		Release|Any CPU = Release|Any CPU
	EndGlobalSection
	GlobalSection(ProjectConfigurationPlatforms) = postSolution
		{36F57CC5-246E-4A02-9341-DB78DAE29FD8}.Debug|Any CPU.ActiveCfg = Debug|Any CPU
		{36F57CC5-246E-4A02-9341-DB78DAE29FD8}.Debug|Any CPU.Build.0 = Debug|Any CPU
		{36F57CC5-246E-4A02-9341-DB78DAE29FD8}.Release|Any CPU.ActiveCfg = Release|Any CPU
		{36F57CC5-246E-4A02-9341-DB78DAE29FD8}.Release|Any CPU.Build.0 = Release|Any CPU
	EndGlobalSection
	GlobalSection(SolutionProperties) = preSolution
		HideSolutionNode = FALSE
	EndGlobalSection
	GlobalSection(ExtensibilityGlobals) = postSolution
		SolutionGuid = {E367D293-7A37-4906-8785-E8E53D8BF19E}
	EndGlobalSection
EndGlobal
